
Microsoft Visual Studio Solution File, Format Version 12.00
# Visual Studio 15
VisualStudioVersion = 15.0.27004.2009
MinimumVisualStudioVersion = 10.0.40219.1
Project("{8BC9CEB8-8B4A-11D0-8D11-00A0C91BC942}") = "Vjezba10", "Vjezba10\Vjezba10.vcxproj", "{297C4F09-A799-4174-A0E6-F190976B7AEE}"
EndProject
Global
	GlobalSection(SolutionConfigurationPlatforms) = preSolution
		Debug|x64 = Debug|x64
		Debug|x86 = Debug|x86
		Release|x64 = Release|x64
		Release|x86 = Release|x86
	EndGlobalSection
	GlobalSection(ProjectConfigurationPlatforms) = postSolution
		{297C4F09-A799-4174-A0E6-F190976B7AEE}.Debug|x64.ActiveCfg = Debug|x64
		{297C4F09-A799-4174-A0E6-F190976B7AEE}.Debug|x64.Build.0 = Debug|x64
		{297C4F09-A799-4174-A0E6-F190976B7AEE}.Debug|x86.ActiveCfg = Debug|Win32
		{297C4F09-A799-4174-A0E6-F190976B7AEE}.Debug|x86.Build.0 = Debug|Win32
		{297C4F09-A799-4174-A0E6-F190976B7AEE}.Release|x64.ActiveCfg = Release|x64
		{297C4F09-A799-4174-A0E6-F190976B7AEE}.Release|x64.Build.0 = Release|x64
		{297C4F09-A799-4174-A0E6-F190976B7AEE}.Release|x86.ActiveCfg = Release|Win32
		{297C4F09-A799-4174-A0E6-F190976B7AEE}.Release|x86.Build.0 = Release|Win32
	EndGlobalSection
	GlobalSection(SolutionProperties) = preSolution
		HideSolutionNode = FALSE
	EndGlobalSection
	GlobalSection(ExtensibilityGlobals) = postSolution
		SolutionGuid = {34729A35-5E2B-480D-BD68-8CE00295508F}
	EndGlobalSection
EndGlobal
