
Microsoft Visual Studio Solution File, Format Version 12.00
# Visual Studio 15
VisualStudioVersion = 15.0.27004.2009
MinimumVisualStudioVersion = 10.0.40219.1
Project("{8BC9CEB8-8B4A-11D0-8D11-00A0C91BC942}") = "Zad1", "Zad1\Zad1.vcxproj", "{19942AA6-9FD1-4DEE-8E4D-A9A40155E07E}"
EndProject
Project("{8BC9CEB8-8B4A-11D0-8D11-00A0C91BC942}") = "Zad2", "Zad2\Zad2.vcxproj", "{85AF9ACA-5171-4F4D-A91C-2445A98B7C68}"
EndProject
Project("{8BC9CEB8-8B4A-11D0-8D11-00A0C91BC942}") = "Zad3", "Zad3\Zad3.vcxproj", "{C075FB39-3670-4824-9400-BDEB7F73E153}"
EndProject
Global
	GlobalSection(SolutionConfigurationPlatforms) = preSolution
		Debug|x64 = Debug|x64
		Debug|x86 = Debug|x86
		Release|x64 = Release|x64
		Release|x86 = Release|x86
	EndGlobalSection
	GlobalSection(ProjectConfigurationPlatforms) = postSolution
		{19942AA6-9FD1-4DEE-8E4D-A9A40155E07E}.Debug|x64.ActiveCfg = Debug|x64
		{19942AA6-9FD1-4DEE-8E4D-A9A40155E07E}.Debug|x64.Build.0 = Debug|x64
		{19942AA6-9FD1-4DEE-8E4D-A9A40155E07E}.Debug|x86.ActiveCfg = Debug|Win32
		{19942AA6-9FD1-4DEE-8E4D-A9A40155E07E}.Debug|x86.Build.0 = Debug|Win32
		{19942AA6-9FD1-4DEE-8E4D-A9A40155E07E}.Release|x64.ActiveCfg = Release|x64
		{19942AA6-9FD1-4DEE-8E4D-A9A40155E07E}.Release|x64.Build.0 = Release|x64
		{19942AA6-9FD1-4DEE-8E4D-A9A40155E07E}.Release|x86.ActiveCfg = Release|Win32
		{19942AA6-9FD1-4DEE-8E4D-A9A40155E07E}.Release|x86.Build.0 = Release|Win32
		{85AF9ACA-5171-4F4D-A91C-2445A98B7C68}.Debug|x64.ActiveCfg = Debug|x64
		{85AF9ACA-5171-4F4D-A91C-2445A98B7C68}.Debug|x64.Build.0 = Debug|x64
		{85AF9ACA-5171-4F4D-A91C-2445A98B7C68}.Debug|x86.ActiveCfg = Debug|Win32
		{85AF9ACA-5171-4F4D-A91C-2445A98B7C68}.Debug|x86.Build.0 = Debug|Win32
		{85AF9ACA-5171-4F4D-A91C-2445A98B7C68}.Release|x64.ActiveCfg = Release|x64
		{85AF9ACA-5171-4F4D-A91C-2445A98B7C68}.Release|x64.Build.0 = Release|x64
		{85AF9ACA-5171-4F4D-A91C-2445A98B7C68}.Release|x86.ActiveCfg = Release|Win32
		{85AF9ACA-5171-4F4D-A91C-2445A98B7C68}.Release|x86.Build.0 = Release|Win32
		{C075FB39-3670-4824-9400-BDEB7F73E153}.Debug|x64.ActiveCfg = Debug|x64
		{C075FB39-3670-4824-9400-BDEB7F73E153}.Debug|x64.Build.0 = Debug|x64
		{C075FB39-3670-4824-9400-BDEB7F73E153}.Debug|x86.ActiveCfg = Debug|Win32
		{C075FB39-3670-4824-9400-BDEB7F73E153}.Debug|x86.Build.0 = Debug|Win32
		{C075FB39-3670-4824-9400-BDEB7F73E153}.Release|x64.ActiveCfg = Release|x64
		{C075FB39-3670-4824-9400-BDEB7F73E153}.Release|x64.Build.0 = Release|x64
		{C075FB39-3670-4824-9400-BDEB7F73E153}.Release|x86.ActiveCfg = Release|Win32
		{C075FB39-3670-4824-9400-BDEB7F73E153}.Release|x86.Build.0 = Release|Win32
	EndGlobalSection
	GlobalSection(SolutionProperties) = preSolution
		HideSolutionNode = FALSE
	EndGlobalSection
	GlobalSection(ExtensibilityGlobals) = postSolution
		SolutionGuid = {420AAD00-44D1-4F43-BB3D-E0C92E9E7DA2}
	EndGlobalSection
EndGlobal
