
Microsoft Visual Studio Solution File, Format Version 12.00
# Visual Studio 15
VisualStudioVersion = 15.0.27004.2009
MinimumVisualStudioVersion = 10.0.40219.1
Project("{8BC9CEB8-8B4A-11D0-8D11-00A0C91BC942}") = "Vjezba7", "Vjezba7\Vjezba7.vcxproj", "{C3FDD884-558B-4214-871C-0EDF46CB4273}"
EndProject
Global
	GlobalSection(SolutionConfigurationPlatforms) = preSolution
		Debug|x64 = Debug|x64
		Debug|x86 = Debug|x86
		Release|x64 = Release|x64
		Release|x86 = Release|x86
	EndGlobalSection
	GlobalSection(ProjectConfigurationPlatforms) = postSolution
		{C3FDD884-558B-4214-871C-0EDF46CB4273}.Debug|x64.ActiveCfg = Debug|x64
		{C3FDD884-558B-4214-871C-0EDF46CB4273}.Debug|x64.Build.0 = Debug|x64
		{C3FDD884-558B-4214-871C-0EDF46CB4273}.Debug|x86.ActiveCfg = Debug|Win32
		{C3FDD884-558B-4214-871C-0EDF46CB4273}.Debug|x86.Build.0 = Debug|Win32
		{C3FDD884-558B-4214-871C-0EDF46CB4273}.Release|x64.ActiveCfg = Release|x64
		{C3FDD884-558B-4214-871C-0EDF46CB4273}.Release|x64.Build.0 = Release|x64
		{C3FDD884-558B-4214-871C-0EDF46CB4273}.Release|x86.ActiveCfg = Release|Win32
		{C3FDD884-558B-4214-871C-0EDF46CB4273}.Release|x86.Build.0 = Release|Win32
	EndGlobalSection
	GlobalSection(SolutionProperties) = preSolution
		HideSolutionNode = FALSE
	EndGlobalSection
	GlobalSection(ExtensibilityGlobals) = postSolution
		SolutionGuid = {8A115DF9-3A89-462D-97EA-34486F6CB3D4}
	EndGlobalSection
EndGlobal
