
Microsoft Visual Studio Solution File, Format Version 12.00
# Visual Studio 15
VisualStudioVersion = 15.0.27004.2009
MinimumVisualStudioVersion = 10.0.40219.1
Project("{8BC9CEB8-8B4A-11D0-8D11-00A0C91BC942}") = "Task1", "Task1\Task1.vcxproj", "{2B2A4262-A3A0-4643-9E85-AF094DCE69E6}"
EndProject
Project("{8BC9CEB8-8B4A-11D0-8D11-00A0C91BC942}") = "Task2", "Task2\Task2.vcxproj", "{37615212-6ACD-4FAE-A510-86D1F36065F9}"
EndProject
Project("{8BC9CEB8-8B4A-11D0-8D11-00A0C91BC942}") = "Task3", "Task3\Task3.vcxproj", "{67704767-BB4E-4D4A-99C0-7426318C9DAC}"
EndProject
Project("{8BC9CEB8-8B4A-11D0-8D11-00A0C91BC942}") = "Task4", "Task4\Task4.vcxproj", "{1A77B70C-0799-4F4C-9A08-1D2239F221EF}"
EndProject
Global
	GlobalSection(SolutionConfigurationPlatforms) = preSolution
		Debug|x64 = Debug|x64
		Debug|x86 = Debug|x86
		Release|x64 = Release|x64
		Release|x86 = Release|x86
	EndGlobalSection
	GlobalSection(ProjectConfigurationPlatforms) = postSolution
		{2B2A4262-A3A0-4643-9E85-AF094DCE69E6}.Debug|x64.ActiveCfg = Debug|x64
		{2B2A4262-A3A0-4643-9E85-AF094DCE69E6}.Debug|x64.Build.0 = Debug|x64
		{2B2A4262-A3A0-4643-9E85-AF094DCE69E6}.Debug|x86.ActiveCfg = Debug|Win32
		{2B2A4262-A3A0-4643-9E85-AF094DCE69E6}.Debug|x86.Build.0 = Debug|Win32
		{2B2A4262-A3A0-4643-9E85-AF094DCE69E6}.Release|x64.ActiveCfg = Release|x64
		{2B2A4262-A3A0-4643-9E85-AF094DCE69E6}.Release|x64.Build.0 = Release|x64
		{2B2A4262-A3A0-4643-9E85-AF094DCE69E6}.Release|x86.ActiveCfg = Release|Win32
		{2B2A4262-A3A0-4643-9E85-AF094DCE69E6}.Release|x86.Build.0 = Release|Win32
		{37615212-6ACD-4FAE-A510-86D1F36065F9}.Debug|x64.ActiveCfg = Debug|x64
		{37615212-6ACD-4FAE-A510-86D1F36065F9}.Debug|x64.Build.0 = Debug|x64
		{37615212-6ACD-4FAE-A510-86D1F36065F9}.Debug|x86.ActiveCfg = Debug|Win32
		{37615212-6ACD-4FAE-A510-86D1F36065F9}.Debug|x86.Build.0 = Debug|Win32
		{37615212-6ACD-4FAE-A510-86D1F36065F9}.Release|x64.ActiveCfg = Release|x64
		{37615212-6ACD-4FAE-A510-86D1F36065F9}.Release|x64.Build.0 = Release|x64
		{37615212-6ACD-4FAE-A510-86D1F36065F9}.Release|x86.ActiveCfg = Release|Win32
		{37615212-6ACD-4FAE-A510-86D1F36065F9}.Release|x86.Build.0 = Release|Win32
		{67704767-BB4E-4D4A-99C0-7426318C9DAC}.Debug|x64.ActiveCfg = Debug|x64
		{67704767-BB4E-4D4A-99C0-7426318C9DAC}.Debug|x64.Build.0 = Debug|x64
		{67704767-BB4E-4D4A-99C0-7426318C9DAC}.Debug|x86.ActiveCfg = Debug|Win32
		{67704767-BB4E-4D4A-99C0-7426318C9DAC}.Debug|x86.Build.0 = Debug|Win32
		{67704767-BB4E-4D4A-99C0-7426318C9DAC}.Release|x64.ActiveCfg = Release|x64
		{67704767-BB4E-4D4A-99C0-7426318C9DAC}.Release|x64.Build.0 = Release|x64
		{67704767-BB4E-4D4A-99C0-7426318C9DAC}.Release|x86.ActiveCfg = Release|Win32
		{67704767-BB4E-4D4A-99C0-7426318C9DAC}.Release|x86.Build.0 = Release|Win32
		{1A77B70C-0799-4F4C-9A08-1D2239F221EF}.Debug|x64.ActiveCfg = Debug|x64
		{1A77B70C-0799-4F4C-9A08-1D2239F221EF}.Debug|x64.Build.0 = Debug|x64
		{1A77B70C-0799-4F4C-9A08-1D2239F221EF}.Debug|x86.ActiveCfg = Debug|Win32
		{1A77B70C-0799-4F4C-9A08-1D2239F221EF}.Debug|x86.Build.0 = Debug|Win32
		{1A77B70C-0799-4F4C-9A08-1D2239F221EF}.Release|x64.ActiveCfg = Release|x64
		{1A77B70C-0799-4F4C-9A08-1D2239F221EF}.Release|x64.Build.0 = Release|x64
		{1A77B70C-0799-4F4C-9A08-1D2239F221EF}.Release|x86.ActiveCfg = Release|Win32
		{1A77B70C-0799-4F4C-9A08-1D2239F221EF}.Release|x86.Build.0 = Release|Win32
	EndGlobalSection
	GlobalSection(SolutionProperties) = preSolution
		HideSolutionNode = FALSE
	EndGlobalSection
	GlobalSection(ExtensibilityGlobals) = postSolution
		SolutionGuid = {6660843B-C6CF-4895-BD05-ACC2E3A0C6CC}
	EndGlobalSection
EndGlobal
